
Microsoft Visual Studio Solution File, Format Version 12.00
# Visual Studio Version 16
VisualStudioVersion = 16.0.29709.97
MinimumVisualStudioVersion = 10.0.40219.1
Project("{FAE04EC0-301F-11D3-BF4B-00C04F79EFBC}") = "Client", "Client\Client.csproj", "{FB8D5BE1-58A2-49A5-B323-5D3F5EAF491F}"
EndProject
Project("{FAE04EC0-301F-11D3-BF4B-00C04F79EFBC}") = "Server", "Server\Server.csproj", "{53F88385-51BA-4364-B5A9-F9C805E8A510}"
EndProject
Project("{2150E333-8FDC-42A3-9474-1A3956D46DE8}") = "Shared", "Shared", "{36C2DB8E-7051-45AB-8981-24B9C524BA99}"
	ProjectSection(SolutionItems) = preProject
		Log.cs = Log.cs
	EndProjectSection
EndProject
Global
	GlobalSection(SolutionConfigurationPlatforms) = preSolution
		Debug|Any CPU = Debug|Any CPU
		Release|Any CPU = Release|Any CPU
	EndGlobalSection
	GlobalSection(ProjectConfigurationPlatforms) = postSolution
		{FB8D5BE1-58A2-49A5-B323-5D3F5EAF491F}.Debug|Any CPU.ActiveCfg = Debug|Any CPU
		{FB8D5BE1-58A2-49A5-B323-5D3F5EAF491F}.Debug|Any CPU.Build.0 = Debug|Any CPU
		{FB8D5BE1-58A2-49A5-B323-5D3F5EAF491F}.Release|Any CPU.ActiveCfg = Release|Any CPU
		{FB8D5BE1-58A2-49A5-B323-5D3F5EAF491F}.Release|Any CPU.Build.0 = Release|Any CPU
		{53F88385-51BA-4364-B5A9-F9C805E8A510}.Debug|Any CPU.ActiveCfg = Debug|Any CPU
		{53F88385-51BA-4364-B5A9-F9C805E8A510}.Debug|Any CPU.Build.0 = Debug|Any CPU
		{53F88385-51BA-4364-B5A9-F9C805E8A510}.Release|Any CPU.ActiveCfg = Release|Any CPU
		{53F88385-51BA-4364-B5A9-F9C805E8A510}.Release|Any CPU.Build.0 = Release|Any CPU
	EndGlobalSection
	GlobalSection(SolutionProperties) = preSolution
		HideSolutionNode = FALSE
	EndGlobalSection
	GlobalSection(ExtensibilityGlobals) = postSolution
		SolutionGuid = {B67AF5F0-EDDE-4864-962D-1B2D3607D7E5}
	EndGlobalSection
EndGlobal
